
Microsoft Visual Studio Solution File, Format Version 12.00
Project("{FAE04EC0-301F-11D3-BF4B-00C04F79EFBC}") = "notification-api", "notification-api\notification-api.csproj", "{3FA70DE5-1C3B-46C6-A76C-4BCE18B765FC}"
EndProject
Global
	GlobalSection(SolutionConfigurationPlatforms) = preSolution
		Debug|Any CPU = Debug|Any CPU
		Release|Any CPU = Release|Any CPU
	EndGlobalSection
	GlobalSection(ProjectConfigurationPlatforms) = postSolution
		{3FA70DE5-1C3B-46C6-A76C-4BCE18B765FC}.Debug|Any CPU.ActiveCfg = Debug|Any CPU
		{3FA70DE5-1C3B-46C6-A76C-4BCE18B765FC}.Debug|Any CPU.Build.0 = Debug|Any CPU
		{3FA70DE5-1C3B-46C6-A76C-4BCE18B765FC}.Release|Any CPU.ActiveCfg = Release|Any CPU
		{3FA70DE5-1C3B-46C6-A76C-4BCE18B765FC}.Release|Any CPU.Build.0 = Release|Any CPU
	EndGlobalSection
EndGlobal
